
Microsoft Visual Studio Solution File, Format Version 12.00
# Visual Studio 2012
Project("{FAE04EC0-301F-11D3-BF4B-00C04F79EFBC}") = "Phoneword", "Phoneword\Phoneword.csproj", "{A92827A6-9335-4A36-925F-A8456CDC48EE}"
EndProject
Project("{FAE04EC0-301F-11D3-BF4B-00C04F79EFBC}") = "Phoneword.UITests", "Phoneword.UITests\Phoneword.UITests.csproj", "{DD36EFDD-141D-4C77-AAD5-8E211C9DAEA5}"
EndProject
Global
	GlobalSection(SolutionConfigurationPlatforms) = preSolution
		Debug|Any CPU = Debug|Any CPU
		Release|Any CPU = Release|Any CPU
	EndGlobalSection
	GlobalSection(ProjectConfigurationPlatforms) = postSolution
		{A92827A6-9335-4A36-925F-A8456CDC48EE}.Debug|Any CPU.ActiveCfg = Debug|Any CPU
		{A92827A6-9335-4A36-925F-A8456CDC48EE}.Debug|Any CPU.Build.0 = Debug|Any CPU
		{A92827A6-9335-4A36-925F-A8456CDC48EE}.Release|Any CPU.ActiveCfg = Release|Any CPU
		{A92827A6-9335-4A36-925F-A8456CDC48EE}.Release|Any CPU.Build.0 = Release|Any CPU
		{DD36EFDD-141D-4C77-AAD5-8E211C9DAEA5}.Debug|Any CPU.ActiveCfg = Debug|Any CPU
		{DD36EFDD-141D-4C77-AAD5-8E211C9DAEA5}.Debug|Any CPU.Build.0 = Debug|Any CPU
		{DD36EFDD-141D-4C77-AAD5-8E211C9DAEA5}.Release|Any CPU.ActiveCfg = Release|Any CPU
		{DD36EFDD-141D-4C77-AAD5-8E211C9DAEA5}.Release|Any CPU.Build.0 = Release|Any CPU
	EndGlobalSection
EndGlobal
